
Microsoft Visual Studio Solution File, Format Version 12.00
# Visual Studio Version 17
VisualStudioVersion = 17.2.32616.157
MinimumVisualStudioVersion = 10.0.40219.1
Project("{FAE04EC0-301F-11D3-BF4B-00C04F79EFBC}") = "console.gemetrical_figures", "console.gemetrical_figures\console.gemetrical_figures.csproj", "{723E5EC3-C2FF-4F29-AFC6-F321F17CB9B8}"
EndProject
Global
	GlobalSection(SolutionConfigurationPlatforms) = preSolution
		Debug|Any CPU = Debug|Any CPU
		Release|Any CPU = Release|Any CPU
	EndGlobalSection
	GlobalSection(ProjectConfigurationPlatforms) = postSolution
		{723E5EC3-C2FF-4F29-AFC6-F321F17CB9B8}.Debug|Any CPU.ActiveCfg = Debug|Any CPU
		{723E5EC3-C2FF-4F29-AFC6-F321F17CB9B8}.Debug|Any CPU.Build.0 = Debug|Any CPU
		{723E5EC3-C2FF-4F29-AFC6-F321F17CB9B8}.Release|Any CPU.ActiveCfg = Release|Any CPU
		{723E5EC3-C2FF-4F29-AFC6-F321F17CB9B8}.Release|Any CPU.Build.0 = Release|Any CPU
	EndGlobalSection
	GlobalSection(SolutionProperties) = preSolution
		HideSolutionNode = FALSE
	EndGlobalSection
	GlobalSection(ExtensibilityGlobals) = postSolution
		SolutionGuid = {9866C3CC-53C3-4D7C-9841-C43067C6A98E}
	EndGlobalSection
EndGlobal
