
Microsoft Visual Studio Solution File, Format Version 12.00
# Visual Studio Version 16
VisualStudioVersion = 16.0.32510.428
MinimumVisualStudioVersion = 10.0.40219.1
Project("{FAE04EC0-301F-11D3-BF4B-00C04F79EFBC}") = "console.zalupa", "console.zalupa\console.zalupa.csproj", "{6528585C-057C-4461-A0E9-42A44B3390BA}"
EndProject
Global
	GlobalSection(SolutionConfigurationPlatforms) = preSolution
		Debug|Any CPU = Debug|Any CPU
		Release|Any CPU = Release|Any CPU
	EndGlobalSection
	GlobalSection(ProjectConfigurationPlatforms) = postSolution
		{6528585C-057C-4461-A0E9-42A44B3390BA}.Debug|Any CPU.ActiveCfg = Debug|Any CPU
		{6528585C-057C-4461-A0E9-42A44B3390BA}.Debug|Any CPU.Build.0 = Debug|Any CPU
		{6528585C-057C-4461-A0E9-42A44B3390BA}.Release|Any CPU.ActiveCfg = Release|Any CPU
		{6528585C-057C-4461-A0E9-42A44B3390BA}.Release|Any CPU.Build.0 = Release|Any CPU
	EndGlobalSection
	GlobalSection(SolutionProperties) = preSolution
		HideSolutionNode = FALSE
	EndGlobalSection
	GlobalSection(ExtensibilityGlobals) = postSolution
		SolutionGuid = {988A4B68-C5EE-4583-B5ED-FF5ED693DAA7}
	EndGlobalSection
EndGlobal
